
Microsoft Visual Studio Solution File, Format Version 12.00
# Visual Studio Version 16
VisualStudioVersion = 16.0.29411.108
MinimumVisualStudioVersion = 10.0.40219.1
Project("{8BC9CEB8-8B4A-11D0-8D11-00A0C91BC942}") = "Project1", "Project1\Project1.vcxproj", "{983701AF-9250-46ED-9AAD-ABB9FA0DFBED}"
EndProject
Project("{8BC9CEB8-8B4A-11D0-8D11-00A0C91BC942}") = "Project2", "Project2\Project2.vcxproj", "{02082659-42C4-4443-BBDD-2A74021F8DED}"
EndProject
Project("{8BC9CEB8-8B4A-11D0-8D11-00A0C91BC942}") = "Project3", "Project3\Project3.vcxproj", "{01771E38-F621-4F63-AD82-C160DB62F7B2}"
EndProject
Project("{8BC9CEB8-8B4A-11D0-8D11-00A0C91BC942}") = "Project4", "Project4\Project4.vcxproj", "{F3ECABAC-93CD-4478-AAE9-6BEBAAB106CF}"
EndProject
Project("{8BC9CEB8-8B4A-11D0-8D11-00A0C91BC942}") = "Project8", "Project8\Project8.vcxproj", "{BEA081E5-CC07-4756-9F88-C3209071D140}"
EndProject
Global
	GlobalSection(SolutionConfigurationPlatforms) = preSolution
		Debug|x64 = Debug|x64
		Debug|x86 = Debug|x86
		Release|x64 = Release|x64
		Release|x86 = Release|x86
	EndGlobalSection
	GlobalSection(ProjectConfigurationPlatforms) = postSolution
		{983701AF-9250-46ED-9AAD-ABB9FA0DFBED}.Debug|x64.ActiveCfg = Debug|x64
		{983701AF-9250-46ED-9AAD-ABB9FA0DFBED}.Debug|x64.Build.0 = Debug|x64
		{983701AF-9250-46ED-9AAD-ABB9FA0DFBED}.Debug|x86.ActiveCfg = Debug|Win32
		{983701AF-9250-46ED-9AAD-ABB9FA0DFBED}.Debug|x86.Build.0 = Debug|Win32
		{983701AF-9250-46ED-9AAD-ABB9FA0DFBED}.Release|x64.ActiveCfg = Release|x64
		{983701AF-9250-46ED-9AAD-ABB9FA0DFBED}.Release|x64.Build.0 = Release|x64
		{983701AF-9250-46ED-9AAD-ABB9FA0DFBED}.Release|x86.ActiveCfg = Release|Win32
		{983701AF-9250-46ED-9AAD-ABB9FA0DFBED}.Release|x86.Build.0 = Release|Win32
		{02082659-42C4-4443-BBDD-2A74021F8DED}.Debug|x64.ActiveCfg = Debug|x64
		{02082659-42C4-4443-BBDD-2A74021F8DED}.Debug|x64.Build.0 = Debug|x64
		{02082659-42C4-4443-BBDD-2A74021F8DED}.Debug|x86.ActiveCfg = Debug|Win32
		{02082659-42C4-4443-BBDD-2A74021F8DED}.Debug|x86.Build.0 = Debug|Win32
		{02082659-42C4-4443-BBDD-2A74021F8DED}.Release|x64.ActiveCfg = Release|x64
		{02082659-42C4-4443-BBDD-2A74021F8DED}.Release|x64.Build.0 = Release|x64
		{02082659-42C4-4443-BBDD-2A74021F8DED}.Release|x86.ActiveCfg = Release|Win32
		{02082659-42C4-4443-BBDD-2A74021F8DED}.Release|x86.Build.0 = Release|Win32
		{01771E38-F621-4F63-AD82-C160DB62F7B2}.Debug|x64.ActiveCfg = Debug|x64
		{01771E38-F621-4F63-AD82-C160DB62F7B2}.Debug|x64.Build.0 = Debug|x64
		{01771E38-F621-4F63-AD82-C160DB62F7B2}.Debug|x86.ActiveCfg = Debug|Win32
		{01771E38-F621-4F63-AD82-C160DB62F7B2}.Debug|x86.Build.0 = Debug|Win32
		{01771E38-F621-4F63-AD82-C160DB62F7B2}.Release|x64.ActiveCfg = Release|x64
		{01771E38-F621-4F63-AD82-C160DB62F7B2}.Release|x64.Build.0 = Release|x64
		{01771E38-F621-4F63-AD82-C160DB62F7B2}.Release|x86.ActiveCfg = Release|Win32
		{01771E38-F621-4F63-AD82-C160DB62F7B2}.Release|x86.Build.0 = Release|Win32
		{F3ECABAC-93CD-4478-AAE9-6BEBAAB106CF}.Debug|x64.ActiveCfg = Debug|x64
		{F3ECABAC-93CD-4478-AAE9-6BEBAAB106CF}.Debug|x64.Build.0 = Debug|x64
		{F3ECABAC-93CD-4478-AAE9-6BEBAAB106CF}.Debug|x86.ActiveCfg = Debug|Win32
		{F3ECABAC-93CD-4478-AAE9-6BEBAAB106CF}.Debug|x86.Build.0 = Debug|Win32
		{F3ECABAC-93CD-4478-AAE9-6BEBAAB106CF}.Release|x64.ActiveCfg = Release|x64
		{F3ECABAC-93CD-4478-AAE9-6BEBAAB106CF}.Release|x64.Build.0 = Release|x64
		{F3ECABAC-93CD-4478-AAE9-6BEBAAB106CF}.Release|x86.ActiveCfg = Release|Win32
		{F3ECABAC-93CD-4478-AAE9-6BEBAAB106CF}.Release|x86.Build.0 = Release|Win32
		{BEA081E5-CC07-4756-9F88-C3209071D140}.Debug|x64.ActiveCfg = Debug|x64
		{BEA081E5-CC07-4756-9F88-C3209071D140}.Debug|x64.Build.0 = Debug|x64
		{BEA081E5-CC07-4756-9F88-C3209071D140}.Debug|x86.ActiveCfg = Debug|Win32
		{BEA081E5-CC07-4756-9F88-C3209071D140}.Debug|x86.Build.0 = Debug|Win32
		{BEA081E5-CC07-4756-9F88-C3209071D140}.Release|x64.ActiveCfg = Release|x64
		{BEA081E5-CC07-4756-9F88-C3209071D140}.Release|x64.Build.0 = Release|x64
		{BEA081E5-CC07-4756-9F88-C3209071D140}.Release|x86.ActiveCfg = Release|Win32
		{BEA081E5-CC07-4756-9F88-C3209071D140}.Release|x86.Build.0 = Release|Win32
	EndGlobalSection
	GlobalSection(SolutionProperties) = preSolution
		HideSolutionNode = FALSE
	EndGlobalSection
	GlobalSection(ExtensibilityGlobals) = postSolution
		SolutionGuid = {8411D487-77B4-45D7-A84D-9D80084908F9}
	EndGlobalSection
EndGlobal
