
Microsoft Visual Studio Solution File, Format Version 12.00
# Visual Studio Version 16
VisualStudioVersion = 16.0.29411.108
MinimumVisualStudioVersion = 10.0.40219.1
Project("{8BC9CEB8-8B4A-11D0-8D11-00A0C91BC942}") = "Project2", "Project2\Project2.vcxproj", "{02082659-42C4-4443-BBDD-2A74021F8DED}"
EndProject
Project("{8BC9CEB8-8B4A-11D0-8D11-00A0C91BC942}") = "Chapter03", "Chapter03\Chapter03.vcxproj", "{CAD261A2-83D0-4C5E-A111-22B0F70C95F6}"
EndProject
Project("{8BC9CEB8-8B4A-11D0-8D11-00A0C91BC942}") = "Chapter04", "Chapter04\Chapter04.vcxproj", "{104C431B-52EC-4C60-BC93-D78DEB5BB5F3}"
EndProject
Project("{8BC9CEB8-8B4A-11D0-8D11-00A0C91BC942}") = "Chapter05", "Chapter05\Chapter05.vcxproj", "{F08CF631-26ED-42CE-B731-DC2354529E73}"
EndProject
Project("{8BC9CEB8-8B4A-11D0-8D11-00A0C91BC942}") = "Chapter08", "Chapter08\Chapter08.vcxproj", "{1B6EB9C5-0C88-43EC-87A1-9CF181425DD8}"
EndProject
Project("{8BC9CEB8-8B4A-11D0-8D11-00A0C91BC942}") = "Chapter09", "Chapter09\Chapter09.vcxproj", "{28406F0A-B9EE-43AE-9E94-DB8CDB709B96}"
EndProject
Project("{8BC9CEB8-8B4A-11D0-8D11-00A0C91BC942}") = "Chapter01", "Chapter01\Chapter01.vcxproj", "{A8937304-FA88-461F-846B-7D4DD2FD7CA3}"
EndProject
Project("{8BC9CEB8-8B4A-11D0-8D11-00A0C91BC942}") = "Chapter02", "Chapter02\Chapter02.vcxproj", "{5A6EB734-0B8D-4790-8BA2-692B0F7675D3}"
EndProject
Global
	GlobalSection(SolutionConfigurationPlatforms) = preSolution
		Debug|x64 = Debug|x64
		Debug|x86 = Debug|x86
		Release|x64 = Release|x64
		Release|x86 = Release|x86
	EndGlobalSection
	GlobalSection(ProjectConfigurationPlatforms) = postSolution
		{02082659-42C4-4443-BBDD-2A74021F8DED}.Debug|x64.ActiveCfg = Debug|x64
		{02082659-42C4-4443-BBDD-2A74021F8DED}.Debug|x64.Build.0 = Debug|x64
		{02082659-42C4-4443-BBDD-2A74021F8DED}.Debug|x86.ActiveCfg = Debug|Win32
		{02082659-42C4-4443-BBDD-2A74021F8DED}.Debug|x86.Build.0 = Debug|Win32
		{02082659-42C4-4443-BBDD-2A74021F8DED}.Release|x64.ActiveCfg = Release|x64
		{02082659-42C4-4443-BBDD-2A74021F8DED}.Release|x64.Build.0 = Release|x64
		{02082659-42C4-4443-BBDD-2A74021F8DED}.Release|x86.ActiveCfg = Release|Win32
		{02082659-42C4-4443-BBDD-2A74021F8DED}.Release|x86.Build.0 = Release|Win32
		{CAD261A2-83D0-4C5E-A111-22B0F70C95F6}.Debug|x64.ActiveCfg = Debug|x64
		{CAD261A2-83D0-4C5E-A111-22B0F70C95F6}.Debug|x64.Build.0 = Debug|x64
		{CAD261A2-83D0-4C5E-A111-22B0F70C95F6}.Debug|x86.ActiveCfg = Debug|Win32
		{CAD261A2-83D0-4C5E-A111-22B0F70C95F6}.Debug|x86.Build.0 = Debug|Win32
		{CAD261A2-83D0-4C5E-A111-22B0F70C95F6}.Release|x64.ActiveCfg = Release|x64
		{CAD261A2-83D0-4C5E-A111-22B0F70C95F6}.Release|x64.Build.0 = Release|x64
		{CAD261A2-83D0-4C5E-A111-22B0F70C95F6}.Release|x86.ActiveCfg = Release|Win32
		{CAD261A2-83D0-4C5E-A111-22B0F70C95F6}.Release|x86.Build.0 = Release|Win32
		{104C431B-52EC-4C60-BC93-D78DEB5BB5F3}.Debug|x64.ActiveCfg = Debug|x64
		{104C431B-52EC-4C60-BC93-D78DEB5BB5F3}.Debug|x64.Build.0 = Debug|x64
		{104C431B-52EC-4C60-BC93-D78DEB5BB5F3}.Debug|x86.ActiveCfg = Debug|Win32
		{104C431B-52EC-4C60-BC93-D78DEB5BB5F3}.Debug|x86.Build.0 = Debug|Win32
		{104C431B-52EC-4C60-BC93-D78DEB5BB5F3}.Release|x64.ActiveCfg = Release|x64
		{104C431B-52EC-4C60-BC93-D78DEB5BB5F3}.Release|x64.Build.0 = Release|x64
		{104C431B-52EC-4C60-BC93-D78DEB5BB5F3}.Release|x86.ActiveCfg = Release|Win32
		{104C431B-52EC-4C60-BC93-D78DEB5BB5F3}.Release|x86.Build.0 = Release|Win32
		{F08CF631-26ED-42CE-B731-DC2354529E73}.Debug|x64.ActiveCfg = Debug|x64
		{F08CF631-26ED-42CE-B731-DC2354529E73}.Debug|x64.Build.0 = Debug|x64
		{F08CF631-26ED-42CE-B731-DC2354529E73}.Debug|x86.ActiveCfg = Debug|Win32
		{F08CF631-26ED-42CE-B731-DC2354529E73}.Debug|x86.Build.0 = Debug|Win32
		{F08CF631-26ED-42CE-B731-DC2354529E73}.Release|x64.ActiveCfg = Release|x64
		{F08CF631-26ED-42CE-B731-DC2354529E73}.Release|x64.Build.0 = Release|x64
		{F08CF631-26ED-42CE-B731-DC2354529E73}.Release|x86.ActiveCfg = Release|Win32
		{F08CF631-26ED-42CE-B731-DC2354529E73}.Release|x86.Build.0 = Release|Win32
		{1B6EB9C5-0C88-43EC-87A1-9CF181425DD8}.Debug|x64.ActiveCfg = Debug|x64
		{1B6EB9C5-0C88-43EC-87A1-9CF181425DD8}.Debug|x64.Build.0 = Debug|x64
		{1B6EB9C5-0C88-43EC-87A1-9CF181425DD8}.Debug|x86.ActiveCfg = Debug|Win32
		{1B6EB9C5-0C88-43EC-87A1-9CF181425DD8}.Debug|x86.Build.0 = Debug|Win32
		{1B6EB9C5-0C88-43EC-87A1-9CF181425DD8}.Release|x64.ActiveCfg = Release|x64
		{1B6EB9C5-0C88-43EC-87A1-9CF181425DD8}.Release|x64.Build.0 = Release|x64
		{1B6EB9C5-0C88-43EC-87A1-9CF181425DD8}.Release|x86.ActiveCfg = Release|Win32
		{1B6EB9C5-0C88-43EC-87A1-9CF181425DD8}.Release|x86.Build.0 = Release|Win32
		{28406F0A-B9EE-43AE-9E94-DB8CDB709B96}.Debug|x64.ActiveCfg = Debug|x64
		{28406F0A-B9EE-43AE-9E94-DB8CDB709B96}.Debug|x64.Build.0 = Debug|x64
		{28406F0A-B9EE-43AE-9E94-DB8CDB709B96}.Debug|x86.ActiveCfg = Debug|Win32
		{28406F0A-B9EE-43AE-9E94-DB8CDB709B96}.Debug|x86.Build.0 = Debug|Win32
		{28406F0A-B9EE-43AE-9E94-DB8CDB709B96}.Release|x64.ActiveCfg = Release|x64
		{28406F0A-B9EE-43AE-9E94-DB8CDB709B96}.Release|x64.Build.0 = Release|x64
		{28406F0A-B9EE-43AE-9E94-DB8CDB709B96}.Release|x86.ActiveCfg = Release|Win32
		{28406F0A-B9EE-43AE-9E94-DB8CDB709B96}.Release|x86.Build.0 = Release|Win32
		{A8937304-FA88-461F-846B-7D4DD2FD7CA3}.Debug|x64.ActiveCfg = Debug|x64
		{A8937304-FA88-461F-846B-7D4DD2FD7CA3}.Debug|x64.Build.0 = Debug|x64
		{A8937304-FA88-461F-846B-7D4DD2FD7CA3}.Debug|x86.ActiveCfg = Debug|Win32
		{A8937304-FA88-461F-846B-7D4DD2FD7CA3}.Debug|x86.Build.0 = Debug|Win32
		{A8937304-FA88-461F-846B-7D4DD2FD7CA3}.Release|x64.ActiveCfg = Release|x64
		{A8937304-FA88-461F-846B-7D4DD2FD7CA3}.Release|x64.Build.0 = Release|x64
		{A8937304-FA88-461F-846B-7D4DD2FD7CA3}.Release|x86.ActiveCfg = Release|Win32
		{A8937304-FA88-461F-846B-7D4DD2FD7CA3}.Release|x86.Build.0 = Release|Win32
		{5A6EB734-0B8D-4790-8BA2-692B0F7675D3}.Debug|x64.ActiveCfg = Debug|x64
		{5A6EB734-0B8D-4790-8BA2-692B0F7675D3}.Debug|x64.Build.0 = Debug|x64
		{5A6EB734-0B8D-4790-8BA2-692B0F7675D3}.Debug|x86.ActiveCfg = Debug|Win32
		{5A6EB734-0B8D-4790-8BA2-692B0F7675D3}.Debug|x86.Build.0 = Debug|Win32
		{5A6EB734-0B8D-4790-8BA2-692B0F7675D3}.Release|x64.ActiveCfg = Release|x64
		{5A6EB734-0B8D-4790-8BA2-692B0F7675D3}.Release|x64.Build.0 = Release|x64
		{5A6EB734-0B8D-4790-8BA2-692B0F7675D3}.Release|x86.ActiveCfg = Release|Win32
		{5A6EB734-0B8D-4790-8BA2-692B0F7675D3}.Release|x86.Build.0 = Release|Win32
	EndGlobalSection
	GlobalSection(SolutionProperties) = preSolution
		HideSolutionNode = FALSE
	EndGlobalSection
	GlobalSection(ExtensibilityGlobals) = postSolution
		SolutionGuid = {8411D487-77B4-45D7-A84D-9D80084908F9}
	EndGlobalSection
EndGlobal
